
Microsoft Visual Studio Solution File, Format Version 12.00
# Visual Studio 15
VisualStudioVersion = 15.0.26124.0
MinimumVisualStudioVersion = 15.0.26124.0
Project("{2150E333-8FDC-42A3-9474-1A3956D46DE8}") = "src", "src", "{89DA7299-5B62-443E-AFC9-3D63E41DD21B}"
EndProject
Project("{FAE04EC0-301F-11D3-BF4B-00C04F79EFBC}") = "WebUi", "src\WebUi\WebUi.csproj", "{AF266304-C21F-4C3D-9C2C-1F4C61124A24}"
EndProject
Project("{2150E333-8FDC-42A3-9474-1A3956D46DE8}") = "test", "test", "{1389AC55-3A75-462B-B096-38BD011D40E6}"
EndProject
Project("{FAE04EC0-301F-11D3-BF4B-00C04F79EFBC}") = "WebUi.Test", "test\WebUi.Test\WebUi.Test.csproj", "{D75BACCE-98C9-40A2-A4B3-A085637F1DCD}"
EndProject
Global
	GlobalSection(SolutionConfigurationPlatforms) = preSolution
		Debug|Any CPU = Debug|Any CPU
		Debug|x64 = Debug|x64
		Debug|x86 = Debug|x86
		Release|Any CPU = Release|Any CPU
		Release|x64 = Release|x64
		Release|x86 = Release|x86
	EndGlobalSection
	GlobalSection(SolutionProperties) = preSolution
		HideSolutionNode = FALSE
	EndGlobalSection
	GlobalSection(ProjectConfigurationPlatforms) = postSolution
		{AF266304-C21F-4C3D-9C2C-1F4C61124A24}.Debug|Any CPU.ActiveCfg = Debug|Any CPU
		{AF266304-C21F-4C3D-9C2C-1F4C61124A24}.Debug|Any CPU.Build.0 = Debug|Any CPU
		{AF266304-C21F-4C3D-9C2C-1F4C61124A24}.Debug|x64.ActiveCfg = Debug|Any CPU
		{AF266304-C21F-4C3D-9C2C-1F4C61124A24}.Debug|x64.Build.0 = Debug|Any CPU
		{AF266304-C21F-4C3D-9C2C-1F4C61124A24}.Debug|x86.ActiveCfg = Debug|Any CPU
		{AF266304-C21F-4C3D-9C2C-1F4C61124A24}.Debug|x86.Build.0 = Debug|Any CPU
		{AF266304-C21F-4C3D-9C2C-1F4C61124A24}.Release|Any CPU.ActiveCfg = Release|Any CPU
		{AF266304-C21F-4C3D-9C2C-1F4C61124A24}.Release|Any CPU.Build.0 = Release|Any CPU
		{AF266304-C21F-4C3D-9C2C-1F4C61124A24}.Release|x64.ActiveCfg = Release|Any CPU
		{AF266304-C21F-4C3D-9C2C-1F4C61124A24}.Release|x64.Build.0 = Release|Any CPU
		{AF266304-C21F-4C3D-9C2C-1F4C61124A24}.Release|x86.ActiveCfg = Release|Any CPU
		{AF266304-C21F-4C3D-9C2C-1F4C61124A24}.Release|x86.Build.0 = Release|Any CPU
		{D75BACCE-98C9-40A2-A4B3-A085637F1DCD}.Debug|Any CPU.ActiveCfg = Debug|Any CPU
		{D75BACCE-98C9-40A2-A4B3-A085637F1DCD}.Debug|Any CPU.Build.0 = Debug|Any CPU
		{D75BACCE-98C9-40A2-A4B3-A085637F1DCD}.Debug|x64.ActiveCfg = Debug|Any CPU
		{D75BACCE-98C9-40A2-A4B3-A085637F1DCD}.Debug|x64.Build.0 = Debug|Any CPU
		{D75BACCE-98C9-40A2-A4B3-A085637F1DCD}.Debug|x86.ActiveCfg = Debug|Any CPU
		{D75BACCE-98C9-40A2-A4B3-A085637F1DCD}.Debug|x86.Build.0 = Debug|Any CPU
		{D75BACCE-98C9-40A2-A4B3-A085637F1DCD}.Release|Any CPU.ActiveCfg = Release|Any CPU
		{D75BACCE-98C9-40A2-A4B3-A085637F1DCD}.Release|Any CPU.Build.0 = Release|Any CPU
		{D75BACCE-98C9-40A2-A4B3-A085637F1DCD}.Release|x64.ActiveCfg = Release|Any CPU
		{D75BACCE-98C9-40A2-A4B3-A085637F1DCD}.Release|x64.Build.0 = Release|Any CPU
		{D75BACCE-98C9-40A2-A4B3-A085637F1DCD}.Release|x86.ActiveCfg = Release|Any CPU
		{D75BACCE-98C9-40A2-A4B3-A085637F1DCD}.Release|x86.Build.0 = Release|Any CPU
	EndGlobalSection
	GlobalSection(NestedProjects) = preSolution
		{AF266304-C21F-4C3D-9C2C-1F4C61124A24} = {89DA7299-5B62-443E-AFC9-3D63E41DD21B}
		{D75BACCE-98C9-40A2-A4B3-A085637F1DCD} = {1389AC55-3A75-462B-B096-38BD011D40E6}
	EndGlobalSection
EndGlobal
